// !$*UTF8*$!
{
	archiveVersion = 1;
	classes = {
	};
	objectVersion = 50;
	objects = {

/* Begin PBXBuildFile section */
		1D3E12B623F9D2D8005E65F2 /* AppDelegate.swift in Sources */ = {isa = PBXBuildFile; fileRef = 1D3E12B523F9D2D8005E65F2 /* AppDelegate.swift */; };
		1D3E12B823F9D2D8005E65F2 /* SceneDelegate.swift in Sources */ = {isa = PBXBuildFile; fileRef = 1D3E12B723F9D2D8005E65F2 /* SceneDelegate.swift */; };
		1D3E12BA23F9D2D8005E65F2 /* ViewController.swift in Sources */ = {isa = PBXBuildFile; fileRef = 1D3E12B923F9D2D8005E65F2 /* ViewController.swift */; };
		1D3E12BD23F9D2D8005E65F2 /* Main.storyboard in Resources */ = {isa = PBXBuildFile; fileRef = 1D3E12BB23F9D2D8005E65F2 /* Main.storyboard */; };
		1D3E12BF23F9D2DF005E65F2 /* Assets.xcassets in Resources */ = {isa = PBXBuildFile; fileRef = 1D3E12BE23F9D2DF005E65F2 /* Assets.xcassets */; };
		1D3E12C223F9D2DF005E65F2 /* LaunchScreen.storyboard in Resources */ = {isa = PBXBuildFile; fileRef = 1D3E12C023F9D2DF005E65F2 /* LaunchScreen.storyboard */; };
		1D61944B240B102A0017460D /* RegisterViewController.swift in Sources */ = {isa = PBXBuildFile; fileRef = 1D61944A240B102A0017460D /* RegisterViewController.swift */; };
		1D61944D240B10450017460D /* ChidrenViewController.swift in Sources */ = {isa = PBXBuildFile; fileRef = 1D61944C240B10450017460D /* ChidrenViewController.swift */; };
		1D61944F240B10500017460D /* CreateChildViewController.swift in Sources */ = {isa = PBXBuildFile; fileRef = 1D61944E240B10500017460D /* CreateChildViewController.swift */; };
		1D619451240B10A60017460D /* CreateChallengeViewController.swift in Sources */ = {isa = PBXBuildFile; fileRef = 1D619450240B10A60017460D /* CreateChallengeViewController.swift */; };
		1D619454240B128D0017460D /* User.swift in Sources */ = {isa = PBXBuildFile; fileRef = 1D619453240B128D0017460D /* User.swift */; };
		1D619456240B13130017460D /* Challenge.swift in Sources */ = {isa = PBXBuildFile; fileRef = 1D619455240B13130017460D /* Challenge.swift */; };
		1D619458240B131D0017460D /* Task.swift in Sources */ = {isa = PBXBuildFile; fileRef = 1D619457240B131D0017460D /* Task.swift */; };
		1D61945A240B18B40017460D /* ChildTableViewCell.swift in Sources */ = {isa = PBXBuildFile; fileRef = 1D619459240B18B40017460D /* ChildTableViewCell.swift */; };
		1D61945C240B200D0017460D /* ChallengeViewController.swift in Sources */ = {isa = PBXBuildFile; fileRef = 1D61945B240B200D0017460D /* ChallengeViewController.swift */; };
		1D619460240B367B0017460D /* Switcher.swift in Sources */ = {isa = PBXBuildFile; fileRef = 1D61945F240B367B0017460D /* Switcher.swift */; };
		1D619462240B49510017460D /* ChallengeTaskTableViewCell.swift in Sources */ = {isa = PBXBuildFile; fileRef = 1D619461240B49510017460D /* ChallengeTaskTableViewCell.swift */; };
/* End PBXBuildFile section */

/* Begin PBXFileReference section */
		1D3E12B223F9D2D8005E65F2 /* owlki.app */ = {isa = PBXFileReference; explicitFileType = wrapper.application; includeInIndex = 0; path = owlki.app; sourceTree = BUILT_PRODUCTS_DIR; };
		1D3E12B523F9D2D8005E65F2 /* AppDelegate.swift */ = {isa = PBXFileReference; lastKnownFileType = sourcecode.swift; path = AppDelegate.swift; sourceTree = "<group>"; };
		1D3E12B723F9D2D8005E65F2 /* SceneDelegate.swift */ = {isa = PBXFileReference; lastKnownFileType = sourcecode.swift; path = SceneDelegate.swift; sourceTree = "<group>"; };
		1D3E12B923F9D2D8005E65F2 /* ViewController.swift */ = {isa = PBXFileReference; lastKnownFileType = sourcecode.swift; path = ViewController.swift; sourceTree = "<group>"; };
		1D3E12BC23F9D2D8005E65F2 /* Base */ = {isa = PBXFileReference; lastKnownFileType = file.storyboard; name = Base; path = Base.lproj/Main.storyboard; sourceTree = "<group>"; };
		1D3E12BE23F9D2DF005E65F2 /* Assets.xcassets */ = {isa = PBXFileReference; lastKnownFileType = folder.assetcatalog; path = Assets.xcassets; sourceTree = "<group>"; };
		1D3E12C123F9D2DF005E65F2 /* Base */ = {isa = PBXFileReference; lastKnownFileType = file.storyboard; name = Base; path = Base.lproj/LaunchScreen.storyboard; sourceTree = "<group>"; };
		1D3E12C323F9D2DF005E65F2 /* Info.plist */ = {isa = PBXFileReference; lastKnownFileType = text.plist.xml; path = Info.plist; sourceTree = "<group>"; };
		1D61944A240B102A0017460D /* RegisterViewController.swift */ = {isa = PBXFileReference; lastKnownFileType = sourcecode.swift; path = RegisterViewController.swift; sourceTree = "<group>"; };
		1D61944C240B10450017460D /* ChidrenViewController.swift */ = {isa = PBXFileReference; lastKnownFileType = sourcecode.swift; path = ChidrenViewController.swift; sourceTree = "<group>"; };
		1D61944E240B10500017460D /* CreateChildViewController.swift */ = {isa = PBXFileReference; lastKnownFileType = sourcecode.swift; path = CreateChildViewController.swift; sourceTree = "<group>"; };
		1D619450240B10A60017460D /* CreateChallengeViewController.swift */ = {isa = PBXFileReference; lastKnownFileType = sourcecode.swift; path = CreateChallengeViewController.swift; sourceTree = "<group>"; };
		1D619453240B128D0017460D /* User.swift */ = {isa = PBXFileReference; lastKnownFileType = sourcecode.swift; path = User.swift; sourceTree = "<group>"; };
		1D619455240B13130017460D /* Challenge.swift */ = {isa = PBXFileReference; lastKnownFileType = sourcecode.swift; path = Challenge.swift; sourceTree = "<group>"; };
		1D619457240B131D0017460D /* Task.swift */ = {isa = PBXFileReference; lastKnownFileType = sourcecode.swift; path = Task.swift; sourceTree = "<group>"; };
		1D619459240B18B40017460D /* ChildTableViewCell.swift */ = {isa = PBXFileReference; lastKnownFileType = sourcecode.swift; path = ChildTableViewCell.swift; sourceTree = "<group>"; };
		1D61945B240B200D0017460D /* ChallengeViewController.swift */ = {isa = PBXFileReference; lastKnownFileType = sourcecode.swift; path = ChallengeViewController.swift; sourceTree = "<group>"; };
		1D61945F240B367B0017460D /* Switcher.swift */ = {isa = PBXFileReference; fileEncoding = 4; lastKnownFileType = sourcecode.swift; path = Switcher.swift; sourceTree = "<group>"; };
		1D619461240B49510017460D /* ChallengeTaskTableViewCell.swift */ = {isa = PBXFileReference; lastKnownFileType = sourcecode.swift; path = ChallengeTaskTableViewCell.swift; sourceTree = "<group>"; };
/* End PBXFileReference section */

/* Begin PBXFrameworksBuildPhase section */
		1D3E12AF23F9D2D8005E65F2 /* Frameworks */ = {
			isa = PBXFrameworksBuildPhase;
			buildActionMask = 2147483647;
			files = (
			);
			runOnlyForDeploymentPostprocessing = 0;
		};
/* End PBXFrameworksBuildPhase section */

/* Begin PBXGroup section */
		1D3E12A923F9D2D8005E65F2 = {
			isa = PBXGroup;
			children = (
				1D3E12B423F9D2D8005E65F2 /* owlki */,
				1D3E12B323F9D2D8005E65F2 /* Products */,
			);
			sourceTree = "<group>";
		};
		1D3E12B323F9D2D8005E65F2 /* Products */ = {
			isa = PBXGroup;
			children = (
				1D3E12B223F9D2D8005E65F2 /* owlki.app */,
			);
			name = Products;
			sourceTree = "<group>";
		};
		1D3E12B423F9D2D8005E65F2 /* owlki */ = {
			isa = PBXGroup;
			children = (
				1D619452240B12000017460D /* DAO */,
				1D3E12B523F9D2D8005E65F2 /* AppDelegate.swift */,
				1D3E12B723F9D2D8005E65F2 /* SceneDelegate.swift */,
				1D61945F240B367B0017460D /* Switcher.swift */,
				1D3E12B923F9D2D8005E65F2 /* ViewController.swift */,
				1D3E12BB23F9D2D8005E65F2 /* Main.storyboard */,
				1D619461240B49510017460D /* ChallengeTaskTableViewCell.swift */,
				1D61945B240B200D0017460D /* ChallengeViewController.swift */,
				1D619459240B18B40017460D /* ChildTableViewCell.swift */,
				1D619450240B10A60017460D /* CreateChallengeViewController.swift */,
				1D61944C240B10450017460D /* ChidrenViewController.swift */,
				1D61944E240B10500017460D /* CreateChildViewController.swift */,
				1D61944A240B102A0017460D /* RegisterViewController.swift */,
				1D3E12BE23F9D2DF005E65F2 /* Assets.xcassets */,
				1D3E12C023F9D2DF005E65F2 /* LaunchScreen.storyboard */,
				1D3E12C323F9D2DF005E65F2 /* Info.plist */,
			);
			path = owlki;
			sourceTree = "<group>";
		};
		1D619452240B12000017460D /* DAO */ = {
			isa = PBXGroup;
			children = (
				1D619453240B128D0017460D /* User.swift */,
				1D619455240B13130017460D /* Challenge.swift */,
				1D619457240B131D0017460D /* Task.swift */,
			);
			path = DAO;
			sourceTree = "<group>";
		};
/* End PBXGroup section */

/* Begin PBXNativeTarget section */
		1D3E12B123F9D2D8005E65F2 /* owlki */ = {
			isa = PBXNativeTarget;
			buildConfigurationList = 1D3E12C623F9D2DF005E65F2 /* Build configuration list for PBXNativeTarget "owlki" */;
			buildPhases = (
				1D3E12AE23F9D2D8005E65F2 /* Sources */,
				1D3E12AF23F9D2D8005E65F2 /* Frameworks */,
				1D3E12B023F9D2D8005E65F2 /* Resources */,
			);
			buildRules = (
			);
			dependencies = (
			);
			name = owlki;
			productName = owlki;
			productReference = 1D3E12B223F9D2D8005E65F2 /* owlki.app */;
			productType = "com.apple.product-type.application";
		};
/* End PBXNativeTarget section */

/* Begin PBXProject section */
		1D3E12AA23F9D2D8005E65F2 /* Project object */ = {
			isa = PBXProject;
			attributes = {
				LastSwiftUpdateCheck = 1130;
				LastUpgradeCheck = 1130;
				ORGANIZATIONNAME = "Gabriel Dezan Busarello";
				TargetAttributes = {
					1D3E12B123F9D2D8005E65F2 = {
						CreatedOnToolsVersion = 11.3.1;
					};
				};
			};
			buildConfigurationList = 1D3E12AD23F9D2D8005E65F2 /* Build configuration list for PBXProject "owlki" */;
			compatibilityVersion = "Xcode 9.3";
			developmentRegion = en;
			hasScannedForEncodings = 0;
			knownRegions = (
				en,
				Base,
			);
			mainGroup = 1D3E12A923F9D2D8005E65F2;
			productRefGroup = 1D3E12B323F9D2D8005E65F2 /* Products */;
			projectDirPath = "";
			projectRoot = "";
			targets = (
				1D3E12B123F9D2D8005E65F2 /* owlki */,
			);
		};
/* End PBXProject section */

/* Begin PBXResourcesBuildPhase section */
		1D3E12B023F9D2D8005E65F2 /* Resources */ = {
			isa = PBXResourcesBuildPhase;
			buildActionMask = 2147483647;
			files = (
				1D3E12C223F9D2DF005E65F2 /* LaunchScreen.storyboard in Resources */,
				1D3E12BF23F9D2DF005E65F2 /* Assets.xcassets in Resources */,
				1D3E12BD23F9D2D8005E65F2 /* Main.storyboard in Resources */,
			);
			runOnlyForDeploymentPostprocessing = 0;
		};
/* End PBXResourcesBuildPhase section */

/* Begin PBXSourcesBuildPhase section */
		1D3E12AE23F9D2D8005E65F2 /* Sources */ = {
			isa = PBXSourcesBuildPhase;
			buildActionMask = 2147483647;
			files = (
				1D61944D240B10450017460D /* ChidrenViewController.swift in Sources */,
				1D619456240B13130017460D /* Challenge.swift in Sources */,
				1D619458240B131D0017460D /* Task.swift in Sources */,
				1D61944F240B10500017460D /* CreateChildViewController.swift in Sources */,
				1D61945A240B18B40017460D /* ChildTableViewCell.swift in Sources */,
				1D3E12BA23F9D2D8005E65F2 /* ViewController.swift in Sources */,
				1D619451240B10A60017460D /* CreateChallengeViewController.swift in Sources */,
				1D619454240B128D0017460D /* User.swift in Sources */,
				1D619462240B49510017460D /* ChallengeTaskTableViewCell.swift in Sources */,
				1D3E12B623F9D2D8005E65F2 /* AppDelegate.swift in Sources */,
				1D619460240B367B0017460D /* Switcher.swift in Sources */,
				1D3E12B823F9D2D8005E65F2 /* SceneDelegate.swift in Sources */,
				1D61945C240B200D0017460D /* ChallengeViewController.swift in Sources */,
				1D61944B240B102A0017460D /* RegisterViewController.swift in Sources */,
			);
			runOnlyForDeploymentPostprocessing = 0;
		};
/* End PBXSourcesBuildPhase section */

/* Begin PBXVariantGroup section */
		1D3E12BB23F9D2D8005E65F2 /* Main.storyboard */ = {
			isa = PBXVariantGroup;
			children = (
				1D3E12BC23F9D2D8005E65F2 /* Base */,
			);
			name = Main.storyboard;
			sourceTree = "<group>";
		};
		1D3E12C023F9D2DF005E65F2 /* LaunchScreen.storyboard */ = {
			isa = PBXVariantGroup;
			children = (
				1D3E12C123F9D2DF005E65F2 /* Base */,
			);
			name = LaunchScreen.storyboard;
			sourceTree = "<group>";
		};
/* End PBXVariantGroup section */

/* Begin XCBuildConfiguration section */
		1D3E12C423F9D2DF005E65F2 /* Debug */ = {
			isa = XCBuildConfiguration;
			buildSettings = {
				ALWAYS_SEARCH_USER_PATHS = NO;
				CLANG_ANALYZER_NONNULL = YES;
				CLANG_ANALYZER_NUMBER_OBJECT_CONVERSION = YES_AGGRESSIVE;
				CLANG_CXX_LANGUAGE_STANDARD = "gnu++14";
				CLANG_CXX_LIBRARY = "libc++";
				CLANG_ENABLE_MODULES = YES;
				CLANG_ENABLE_OBJC_ARC = YES;
				CLANG_ENABLE_OBJC_WEAK = YES;
				CLANG_WARN_BLOCK_CAPTURE_AUTORELEASING = YES;
				CLANG_WARN_BOOL_CONVERSION = YES;
				CLANG_WARN_COMMA = YES;
				CLANG_WARN_CONSTANT_CONVERSION = YES;
				CLANG_WARN_DEPRECATED_OBJC_IMPLEMENTATIONS = YES;
				CLANG_WARN_DIRECT_OBJC_ISA_USAGE = YES_ERROR;
				CLANG_WARN_DOCUMENTATION_COMMENTS = YES;
				CLANG_WARN_EMPTY_BODY = YES;
				CLANG_WARN_ENUM_CONVERSION = YES;
				CLANG_WARN_INFINITE_RECURSION = YES;
				CLANG_WARN_INT_CONVERSION = YES;
				CLANG_WARN_NON_LITERAL_NULL_CONVERSION = YES;
				CLANG_WARN_OBJC_IMPLICIT_RETAIN_SELF = YES;
				CLANG_WARN_OBJC_LITERAL_CONVERSION = YES;
				CLANG_WARN_OBJC_ROOT_CLASS = YES_ERROR;
				CLANG_WARN_RANGE_LOOP_ANALYSIS = YES;
				CLANG_WARN_STRICT_PROTOTYPES = YES;
				CLANG_WARN_SUSPICIOUS_MOVE = YES;
				CLANG_WARN_UNGUARDED_AVAILABILITY = YES_AGGRESSIVE;
				CLANG_WARN_UNREACHABLE_CODE = YES;
				CLANG_WARN__DUPLICATE_METHOD_MATCH = YES;
				COPY_PHASE_STRIP = NO;
				DEBUG_INFORMATION_FORMAT = dwarf;
				ENABLE_STRICT_OBJC_MSGSEND = YES;
				ENABLE_TESTABILITY = YES;
				GCC_C_LANGUAGE_STANDARD = gnu11;
				GCC_DYNAMIC_NO_PIC = NO;
				GCC_NO_COMMON_BLOCKS = YES;
				GCC_OPTIMIZATION_LEVEL = 0;
				GCC_PREPROCESSOR_DEFINITIONS = (
					"DEBUG=1",
					"$(inherited)",
				);
				GCC_WARN_64_TO_32_BIT_CONVERSION = YES;
				GCC_WARN_ABOUT_RETURN_TYPE = YES_ERROR;
				GCC_WARN_UNDECLARED_SELECTOR = YES;
				GCC_WARN_UNINITIALIZED_AUTOS = YES_AGGRESSIVE;
				GCC_WARN_UNUSED_FUNCTION = YES;
				GCC_WARN_UNUSED_VARIABLE = YES;
				IPHONEOS_DEPLOYMENT_TARGET = 13.2;
				MTL_ENABLE_DEBUG_INFO = INCLUDE_SOURCE;
				MTL_FAST_MATH = YES;
				ONLY_ACTIVE_ARCH = YES;
				SDKROOT = iphoneos;
				SWIFT_ACTIVE_COMPILATION_CONDITIONS = DEBUG;
				SWIFT_OPTIMIZATION_LEVEL = "-Onone";
			};
			name = Debug;
		};
		1D3E12C523F9D2DF005E65F2 /* Release */ = {
			isa = XCBuildConfiguration;
			buildSettings = {
				ALWAYS_SEARCH_USER_PATHS = NO;
				CLANG_ANALYZER_NONNULL = YES;
				CLANG_ANALYZER_NUMBER_OBJECT_CONVERSION = YES_AGGRESSIVE;
				CLANG_CXX_LANGUAGE_STANDARD = "gnu++14";
				CLANG_CXX_LIBRARY = "libc++";
				CLANG_ENABLE_MODULES = YES;
				CLANG_ENABLE_OBJC_ARC = YES;
				CLANG_ENABLE_OBJC_WEAK = YES;
				CLANG_WARN_BLOCK_CAPTURE_AUTORELEASING = YES;
				CLANG_WARN_BOOL_CONVERSION = YES;
				CLANG_WARN_COMMA = YES;
				CLANG_WARN_CONSTANT_CONVERSION = YES;
				CLANG_WARN_DEPRECATED_OBJC_IMPLEMENTATIONS = YES;
				CLANG_WARN_DIRECT_OBJC_ISA_USAGE = YES_ERROR;
				CLANG_WARN_DOCUMENTATION_COMMENTS = YES;
				CLANG_WARN_EMPTY_BODY = YES;
				CLANG_WARN_ENUM_CONVERSION = YES;
				CLANG_WARN_INFINITE_RECURSION = YES;
				CLANG_WARN_INT_CONVERSION = YES;
				CLANG_WARN_NON_LITERAL_NULL_CONVERSION = YES;
				CLANG_WARN_OBJC_IMPLICIT_RETAIN_SELF = YES;
				CLANG_WARN_OBJC_LITERAL_CONVERSION = YES;
				CLANG_WARN_OBJC_ROOT_CLASS = YES_ERROR;
				CLANG_WARN_RANGE_LOOP_ANALYSIS = YES;
				CLANG_WARN_STRICT_PROTOTYPES = YES;
				CLANG_WARN_SUSPICIOUS_MOVE = YES;
				CLANG_WARN_UNGUARDED_AVAILABILITY = YES_AGGRESSIVE;
				CLANG_WARN_UNREACHABLE_CODE = YES;
				CLANG_WARN__DUPLICATE_METHOD_MATCH = YES;
				COPY_PHASE_STRIP = NO;
				DEBUG_INFORMATION_FORMAT = "dwarf-with-dsym";
				ENABLE_NS_ASSERTIONS = NO;
				ENABLE_STRICT_OBJC_MSGSEND = YES;
				GCC_C_LANGUAGE_STANDARD = gnu11;
				GCC_NO_COMMON_BLOCKS = YES;
				GCC_WARN_64_TO_32_BIT_CONVERSION = YES;
				GCC_WARN_ABOUT_RETURN_TYPE = YES_ERROR;
				GCC_WARN_UNDECLARED_SELECTOR = YES;
				GCC_WARN_UNINITIALIZED_AUTOS = YES_AGGRESSIVE;
				GCC_WARN_UNUSED_FUNCTION = YES;
				GCC_WARN_UNUSED_VARIABLE = YES;
				IPHONEOS_DEPLOYMENT_TARGET = 13.2;
				MTL_ENABLE_DEBUG_INFO = NO;
				MTL_FAST_MATH = YES;
				SDKROOT = iphoneos;
				SWIFT_COMPILATION_MODE = wholemodule;
				SWIFT_OPTIMIZATION_LEVEL = "-O";
				VALIDATE_PRODUCT = YES;
			};
			name = Release;
		};
		1D3E12C723F9D2DF005E65F2 /* Debug */ = {
			isa = XCBuildConfiguration;
			buildSettings = {
				ASSETCATALOG_COMPILER_APPICON_NAME = AppIcon;
				CODE_SIGN_STYLE = Automatic;
				INFOPLIST_FILE = owlki/Info.plist;
				LD_RUNPATH_SEARCH_PATHS = (
					"$(inherited)",
					"@executable_path/Frameworks",
				);
				PRODUCT_BUNDLE_IDENTIFIER = com.owlki;
				PRODUCT_NAME = "$(TARGET_NAME)";
				SWIFT_VERSION = 5.0;
				TARGETED_DEVICE_FAMILY = "1,2";
			};
			name = Debug;
		};
		1D3E12C823F9D2DF005E65F2 /* Release */ = {
			isa = XCBuildConfiguration;
			buildSettings = {
				ASSETCATALOG_COMPILER_APPICON_NAME = AppIcon;
				CODE_SIGN_STYLE = Automatic;
				INFOPLIST_FILE = owlki/Info.plist;
				LD_RUNPATH_SEARCH_PATHS = (
					"$(inherited)",
					"@executable_path/Frameworks",
				);
				PRODUCT_BUNDLE_IDENTIFIER = com.owlki;
				PRODUCT_NAME = "$(TARGET_NAME)";
				SWIFT_VERSION = 5.0;
				TARGETED_DEVICE_FAMILY = "1,2";
			};
			name = Release;
		};
/* End XCBuildConfiguration section */

/* Begin XCConfigurationList section */
		1D3E12AD23F9D2D8005E65F2 /* Build configuration list for PBXProject "owlki" */ = {
			isa = XCConfigurationList;
			buildConfigurations = (
				1D3E12C423F9D2DF005E65F2 /* Debug */,
				1D3E12C523F9D2DF005E65F2 /* Release */,
			);
			defaultConfigurationIsVisible = 0;
			defaultConfigurationName = Release;
		};
		1D3E12C623F9D2DF005E65F2 /* Build configuration list for PBXNativeTarget "owlki" */ = {
			isa = XCConfigurationList;
			buildConfigurations = (
				1D3E12C723F9D2DF005E65F2 /* Debug */,
				1D3E12C823F9D2DF005E65F2 /* Release */,
			);
			defaultConfigurationIsVisible = 0;
			defaultConfigurationName = Release;
		};
/* End XCConfigurationList section */
	};
	rootObject = 1D3E12AA23F9D2D8005E65F2 /* Project object */;
}
